# THIS IS AN AUTOGENERATED FILE. DO NOT EDIT THIS FILE DIRECTLY.
# yarn lockfile v1
# bun ./bun.lockb --hash: 7A2FF870DF95388C-b66bb80a5baefe4f-FD2FD7C50BCE45CA-a50ae23b59c4d899


"@biomejs/biome@^1.8.3":
  version "1.9.4"
  resolved "https://registry.npmjs.org/@biomejs/biome/-/biome-1.9.4.tgz"
  integrity sha512-1rkd7G70+o9KkTn5KLmDYXihGoTaIGO9PIIN2ZB7UJxFrWw04CZHPYiMRjYsaDvVV7hP1dYNRLxSANLaBFGpog==
  optionalDependencies:
    "@biomejs/cli-linux-x64" "1.9.4"
    "@biomejs/cli-win32-x64" "1.9.4"
    "@biomejs/cli-darwin-x64" "1.9.4"
    "@biomejs/cli-linux-arm64" "1.9.4"
    "@biomejs/cli-win32-arm64" "1.9.4"
    "@biomejs/cli-darwin-arm64" "1.9.4"
    "@biomejs/cli-linux-x64-musl" "1.9.4"
    "@biomejs/cli-linux-arm64-musl" "1.9.4"

"@biomejs/cli-darwin-arm64@1.9.4":
  version "1.9.4"
  resolved "https://registry.npmjs.org/@biomejs/cli-darwin-arm64/-/cli-darwin-arm64-1.9.4.tgz"
  integrity sha512-bFBsPWrNvkdKrNCYeAp+xo2HecOGPAy9WyNyB/jKnnedgzl4W4Hb9ZMzYNbf8dMCGmUdSavlYHiR01QaYR58cw==

"@biomejs/cli-darwin-x64@1.9.4":
  version "1.9.4"
  resolved "https://registry.npmjs.org/@biomejs/cli-darwin-x64/-/cli-darwin-x64-1.9.4.tgz"
  integrity sha512-ngYBh/+bEedqkSevPVhLP4QfVPCpb+4BBe2p7Xs32dBgs7rh9nY2AIYUL6BgLw1JVXV8GlpKmb/hNiuIxfPfZg==

"@biomejs/cli-linux-arm64@1.9.4":
  version "1.9.4"
  resolved "https://registry.npmjs.org/@biomejs/cli-linux-arm64/-/cli-linux-arm64-1.9.4.tgz"
  integrity sha512-fJIW0+LYujdjUgJJuwesP4EjIBl/N/TcOX3IvIHJQNsAqvV2CHIogsmA94BPG6jZATS4Hi+xv4SkBBQSt1N4/g==

"@biomejs/cli-linux-arm64-musl@1.9.4":
  version "1.9.4"
  resolved "https://registry.npmjs.org/@biomejs/cli-linux-arm64-musl/-/cli-linux-arm64-musl-1.9.4.tgz"
  integrity sha512-v665Ct9WCRjGa8+kTr0CzApU0+XXtRgwmzIf1SeKSGAv+2scAlW6JR5PMFo6FzqqZ64Po79cKODKf3/AAmECqA==

"@biomejs/cli-linux-x64@1.9.4":
  version "1.9.4"
  resolved "https://registry.npmjs.org/@biomejs/cli-linux-x64/-/cli-linux-x64-1.9.4.tgz"
  integrity sha512-lRCJv/Vi3Vlwmbd6K+oQ0KhLHMAysN8lXoCI7XeHlxaajk06u7G+UsFSO01NAs5iYuWKmVZjmiOzJ0OJmGsMwg==

"@biomejs/cli-linux-x64-musl@1.9.4":
  version "1.9.4"
  resolved "https://registry.npmjs.org/@biomejs/cli-linux-x64-musl/-/cli-linux-x64-musl-1.9.4.tgz"
  integrity sha512-gEhi/jSBhZ2m6wjV530Yy8+fNqG8PAinM3oV7CyO+6c3CEh16Eizm21uHVsyVBEB6RIM8JHIl6AGYCv6Q6Q9Tg==

"@biomejs/cli-win32-arm64@1.9.4":
  version "1.9.4"
  resolved "https://registry.npmjs.org/@biomejs/cli-win32-arm64/-/cli-win32-arm64-1.9.4.tgz"
  integrity sha512-tlbhLk+WXZmgwoIKwHIHEBZUwxml7bRJgk0X2sPyNR3S93cdRq6XulAZRQJ17FYGGzWne0fgrXBKpl7l4M87Hg==

"@biomejs/cli-win32-x64@1.9.4":
  version "1.9.4"
  resolved "https://registry.npmjs.org/@biomejs/cli-win32-x64/-/cli-win32-x64-1.9.4.tgz"
  integrity sha512-8Y5wMhVIPaWe6jw2H+KlEm4wP/f7EW3810ZLmDlrEEy5KvBsb9ECEfu/kMWD484ijfQ8+nIi0giMgu9g1UAuuA==

"@bogeychan/elysia-logger@^0.1.1":
  version "0.1.4"
  resolved "https://registry.npmjs.org/@bogeychan/elysia-logger/-/elysia-logger-0.1.4.tgz"
  integrity sha512-8UsoBaHoRfRGyEnKhR/BSURYwfmx1gQb1/r2WBPfS5ROJMg+Bhl94IuzFNQ/++mq5bT6zJrAMVyfGjyEqiiQmQ==
  dependencies:
    pino "^9.2.0"

"@elysiajs/cors@^1.1.0":
  version "1.1.1"
  resolved "https://registry.npmjs.org/@elysiajs/cors/-/cors-1.1.1.tgz"
  integrity sha512-Bl6JSURwbneaJqkq02bd0C/F8StkmU5zoPLpnSncy4DZSU8TDwWPXxmoHqozI3hf1piDaSQ+I21cmpjPlQ8uYQ==

"@elysiajs/eden@^1.1.3":
  version "1.1.3"
  resolved "https://registry.npmjs.org/@elysiajs/eden/-/eden-1.1.3.tgz"
  integrity sha512-N4AbnQ0q5dmpPLv+SHJc11EjOWUhSLGSpsWuMJ4Kg2NhoXzsZB/dPgjtgKJFIKcUdBmpS3k2YLiN/nrNzotNrA==

"@elysiajs/swagger@^1.1.6":
  version "1.1.6"
  resolved "https://registry.npmjs.org/@elysiajs/swagger/-/swagger-1.1.6.tgz"
  integrity sha512-B1airTG3eh6eFgFxGS2UtsdZ7Xc2vrn3YKIFLFai9YeZVROSHmi3ZaXZvGAn3DnkXHT6I+qx960xnrqoNiopUw==
  dependencies:
    "@scalar/types" "^0.0.12"
    openapi-types "^12.1.3"
    pathe "^1.1.2"

"@scalar/openapi-types@0.1.1":
  version "0.1.1"
  resolved "https://registry.npmjs.org/@scalar/openapi-types/-/openapi-types-0.1.1.tgz"
  integrity sha512-NMy3QNk6ytcCoPUGJH0t4NNr36OWXgZhA3ormr3TvhX1NDgoF95wFyodGVH8xiHeUyn2/FxtETm8UBLbB5xEmg==

"@scalar/types@^0.0.12":
  version "0.0.12"
  resolved "https://registry.npmjs.org/@scalar/types/-/types-0.0.12.tgz"
  integrity sha512-XYZ36lSEx87i4gDqopQlGCOkdIITHHEvgkuJFrXFATQs9zHARop0PN0g4RZYWj+ZpCUclOcaOjbCt8JGe22mnQ==
  dependencies:
    "@unhead/schema" "^1.9.5"
    "@scalar/openapi-types" "0.1.1"

"@sinclair/typebox@0.32.34":
  version "0.32.34"
  resolved "https://registry.npmjs.org/@sinclair/typebox/-/typebox-0.32.34.tgz"
  integrity sha512-a3Z3ytYl6R/+7ldxx04PO1semkwWlX/8pTqxsPw4quIcIXDFPZhOc1Wx8azWmkU26ccK3mHwcWenn0avNgAKQg==

"@types/bun@^1.1.6":
  version "1.1.13"
  resolved "https://registry.npmjs.org/@types/bun/-/bun-1.1.13.tgz"
  integrity sha512-KmQxSBgVWCl6RSuerlLGZlIWfdxkKqat0nxN61+qu4y1KDn0Ll3j7v1Pl8GnaL3a/U6GGWVTJh75ap62kR1E8Q==
  dependencies:
    bun-types "1.1.34"

"@types/node@*", "@types/node@~20.12.8":
  version "20.12.14"
  resolved "https://registry.npmjs.org/@types/node/-/node-20.12.14.tgz"
  integrity sha512-scnD59RpYD91xngrQQLGkE+6UrHUPzeKZWhhjBSa3HSkwjbQc38+q3RoIVEwxQGRw3M+j5hpNAM+lgV3cVormg==
  dependencies:
    undici-types "~5.26.4"

"@types/ws@~8.5.10":
  version "8.5.13"
  resolved "https://registry.npmjs.org/@types/ws/-/ws-8.5.13.tgz"
  integrity sha512-osM/gWBTPKgHV8XkTunnegTRIsvF6owmf5w+JtAfOw472dptdm0dlGv4xCt6GwQRcC2XVOvvRE/0bAoQcL2QkA==
  dependencies:
    "@types/node" "*"

"@unhead/schema@^1.9.5":
  version "1.11.11"
  resolved "https://registry.npmjs.org/@unhead/schema/-/schema-1.11.11.tgz"
  integrity sha512-xSGsWHPBYcMV/ckQeImbrVu6ddeRnrdDCgXUKv3xIjGBY+ob/96V80lGX8FKWh8GwdFSwhblISObKlDAt5K9ZQ==
  dependencies:
    hookable "^5.5.3"
    zhead "^2.2.4"

atomic-sleep@^1.0.0:
  version "1.0.0"
  resolved "https://registry.npmjs.org/atomic-sleep/-/atomic-sleep-1.0.0.tgz"
  integrity sha512-kNOjDqAh7px0XWNI+4QbzoiR/nTkHAWNud2uvnJquD1/x5a7EQZMJT0AczqK0Qn67oY/TTQ1LbUKajZpp3I9tQ==

bun-types@1.1.34:
  version "1.1.34"
  resolved "https://registry.npmjs.org/bun-types/-/bun-types-1.1.34.tgz"
  integrity sha512-br5QygTEL/TwB4uQOb96Ky22j4Gq2WxWH/8Oqv20fk5HagwKXo/akB+LiYgSfzexCt6kkcUaVm+bKiPl71xPvw==
  dependencies:
    "@types/ws" "~8.5.10"
    "@types/node" "~20.12.8"

cookie@^1.0.1:
  version "1.0.1"
  resolved "https://registry.npmjs.org/cookie/-/cookie-1.0.1.tgz"
  integrity sha512-Xd8lFX4LM9QEEwxQpF9J9NTUh8pmdJO0cyRJhFiDoLTk2eH8FXlRv2IFGYVadZpqI3j8fhNrSdKCeYPxiAhLXw==

"elysia@>= 1.1.0", elysia@^1.1.24:
  version "1.1.24"
  resolved "https://registry.npmjs.org/elysia/-/elysia-1.1.24.tgz"
  integrity sha512-viJOb+PADrxJn7ntlQfoXsLuVgHNS09gn9dj2yroHnwqheN0hZp81WCGRQXkvh4kW5zGISX50/eqAcoNDpdL/g==
  dependencies:
    cookie "^1.0.1"
    openapi-types "^12.1.3"
    "@sinclair/typebox" "0.32.34"
    fast-decode-uri-component "^1.0.1"

fast-decode-uri-component@^1.0.1:
  version "1.0.1"
  resolved "https://registry.npmjs.org/fast-decode-uri-component/-/fast-decode-uri-component-1.0.1.tgz"
  integrity sha512-WKgKWg5eUxvRZGwW8FvfbaH7AXSh2cL+3j5fMGzUMCxWBJ3dV3a7Wz8y2f/uQ0e3B6WmodD3oS54jTQ9HVTIIg==

fast-redact@^3.1.1:
  version "3.5.0"
  resolved "https://registry.npmjs.org/fast-redact/-/fast-redact-3.5.0.tgz"
  integrity sha512-dwsoQlS7h9hMeYUq1W++23NDcBLV4KqONnITDV9DjfS3q1SgDGVrBdvvTLUotWtPSD7asWDV9/CmsZPy8Hf70A==

hookable@^5.5.3:
  version "5.5.3"
  resolved "https://registry.npmjs.org/hookable/-/hookable-5.5.3.tgz"
  integrity sha512-Yc+BQe8SvoXH1643Qez1zqLRmbA5rCL+sSmk6TVos0LWVfNIB7PGncdlId77WzLGSIB5KaWgTaNTs2lNVEI6VQ==

lefthook@^1.8.2:
  version "1.8.2"
  resolved "https://registry.npmjs.org/lefthook/-/lefthook-1.8.2.tgz"
  integrity sha512-lMXbcFHNDr+gzy/7ghuJDVB/Yyycj+ZL/7pN3Gm/s5Xqrc9+5sj3IrDAPylcEJ1cKCbUnXbwESrhhqpcYv4d4g==
  optionalDependencies:
    lefthook-darwin-arm64 "1.8.2"
    lefthook-darwin-x64 "1.8.2"
    lefthook-linux-arm64 "1.8.2"
    lefthook-linux-x64 "1.8.2"
    lefthook-freebsd-arm64 "1.8.2"
    lefthook-freebsd-x64 "1.8.2"
    lefthook-openbsd-arm64 "1.8.2"
    lefthook-openbsd-x64 "1.8.2"
    lefthook-windows-arm64 "1.8.2"
    lefthook-windows-x64 "1.8.2"

lefthook-darwin-arm64@1.8.2:
  version "1.8.2"
  resolved "https://registry.npmjs.org/lefthook-darwin-arm64/-/lefthook-darwin-arm64-1.8.2.tgz"
  integrity sha512-g41SoFUv8SzHpG1NOPkHUEPhC1tJM5FF3Vo+HESmLmL9cDfd7JncHFPy59rVnC9Q8nOS0rvoik5HTq+3/wcfww==

lefthook-darwin-x64@1.8.2:
  version "1.8.2"
  resolved "https://registry.npmjs.org/lefthook-darwin-x64/-/lefthook-darwin-x64-1.8.2.tgz"
  integrity sha512-IlCm4PrA/aAZ1MChiExYTbladC87GaxmYHOMHCeChLecqn+lypAuiYLgf7w5r2s3MjH5rbXImfU925NRKi6RXQ==

lefthook-freebsd-arm64@1.8.2:
  version "1.8.2"
  resolved "https://registry.npmjs.org/lefthook-freebsd-arm64/-/lefthook-freebsd-arm64-1.8.2.tgz"
  integrity sha512-f7AIvuIEXUUR1ZutIFxjYKFDAVUBrdsLm+cbwOCjdfpJh7j2Fjg6nKXbDcglPXlX9Ix+nw9pHbJE2DAgzkI1Vw==

lefthook-freebsd-x64@1.8.2:
  version "1.8.2"
  resolved "https://registry.npmjs.org/lefthook-freebsd-x64/-/lefthook-freebsd-x64-1.8.2.tgz"
  integrity sha512-DSDL64fRLSNSWOa1y2bGXwXPiwU1fbAXpj63j6jeQ0jkgu6k+3XL/PBXKh80cI6MvCKz/KQKCtIencXZZ2Ua4Q==

lefthook-linux-arm64@1.8.2:
  version "1.8.2"
  resolved "https://registry.npmjs.org/lefthook-linux-arm64/-/lefthook-linux-arm64-1.8.2.tgz"
  integrity sha512-sJ95X+ZH8ayIE7ApiGEq5ZF9KGA+eKiocJU+536bLbAIHw5WjGmv2x3llFqUxH/zAmLe3k542oZ4d84wEO0EGQ==

lefthook-linux-x64@1.8.2:
  version "1.8.2"
  resolved "https://registry.npmjs.org/lefthook-linux-x64/-/lefthook-linux-x64-1.8.2.tgz"
  integrity sha512-2eirc61M0WjlbSHamAgGf9iWsQTYz4IT6PAPm66vUaeG34+5D66xFicIV6pK2niRGUOPtNs8Kt4lboKtW+ba5g==

lefthook-openbsd-arm64@1.8.2:
  version "1.8.2"
  resolved "https://registry.npmjs.org/lefthook-openbsd-arm64/-/lefthook-openbsd-arm64-1.8.2.tgz"
  integrity sha512-ZMop7htaSwP3MiL06WHUV36EX05N33o0WzNzC8NO5KEubn8Z74vbXcaq6qYezmgi+erkG6dtTnlbcZy5PFvFIA==

lefthook-openbsd-x64@1.8.2:
  version "1.8.2"
  resolved "https://registry.npmjs.org/lefthook-openbsd-x64/-/lefthook-openbsd-x64-1.8.2.tgz"
  integrity sha512-jXFoxmpYXO6ZafgQJVvk3MYlRgOBJD3n7H8A1Bj1E2yrLzOhKevUKlTNwZTxQdxlnvoo33yD6SjVSujZavEGpw==

lefthook-windows-arm64@1.8.2:
  version "1.8.2"
  resolved "https://registry.npmjs.org/lefthook-windows-arm64/-/lefthook-windows-arm64-1.8.2.tgz"
  integrity sha512-hsQUSk6kmB8E0UMD3Mk6ROoa7qv6XmigfPsn9tFjmbZ2aO+kpBfWitZ5v+gcjNp44yaECs3YTMIfv3QFwXlRCw==

lefthook-windows-x64@1.8.2:
  version "1.8.2"
  resolved "https://registry.npmjs.org/lefthook-windows-x64/-/lefthook-windows-x64-1.8.2.tgz"
  integrity sha512-YypbMhvgAtkL7y+O3OlF81vwua7X4jloBz5hO3fILAuzaGAiPE1VbeuqRweV8VuKK4L/ZVVKqmpesygBUNDp9w==

on-exit-leak-free@^2.1.0:
  version "2.1.2"
  resolved "https://registry.npmjs.org/on-exit-leak-free/-/on-exit-leak-free-2.1.2.tgz"
  integrity sha512-0eJJY6hXLGf1udHwfNftBqH+g73EU4B504nZeKpz1sYRKafAghwxEJunB2O7rDZkL4PGfsMVnTXZ2EjibbqcsA==

openapi-types@^12.1.3:
  version "12.1.3"
  resolved "https://registry.npmjs.org/openapi-types/-/openapi-types-12.1.3.tgz"
  integrity sha512-N4YtSYJqghVu4iek2ZUvcN/0aqH1kRDuNqzcycDxhOUpg7GdvLa2F3DgS6yBNhInhv2r/6I0Flkn7CqL8+nIcw==

pathe@^1.1.2:
  version "1.1.2"
  resolved "https://registry.npmjs.org/pathe/-/pathe-1.1.2.tgz"
  integrity sha512-whLdWMYL2TwI08hn8/ZqAbrVemu0LNaNNJZX73O6qaIdCTfXutsLhMkjdENX0qhsQ9uIimo4/aQOmXkoon2nDQ==

pino@^9.2.0:
  version "9.5.0"
  resolved "https://registry.npmjs.org/pino/-/pino-9.5.0.tgz"
  integrity sha512-xSEmD4pLnV54t0NOUN16yCl7RIB1c5UUOse5HSyEXtBp+FgFQyPeDutc+Q2ZO7/22vImV7VfEjH/1zV2QuqvYw==
  dependencies:
    atomic-sleep "^1.0.0"
    fast-redact "^3.1.1"
    on-exit-leak-free "^2.1.0"
    pino-abstract-transport "^2.0.0"
    pino-std-serializers "^7.0.0"
    process-warning "^4.0.0"
    quick-format-unescaped "^4.0.3"
    real-require "^0.2.0"
    safe-stable-stringify "^2.3.1"
    sonic-boom "^4.0.1"
    thread-stream "^3.0.0"

pino-abstract-transport@^2.0.0:
  version "2.0.0"
  resolved "https://registry.npmjs.org/pino-abstract-transport/-/pino-abstract-transport-2.0.0.tgz"
  integrity sha512-F63x5tizV6WCh4R6RHyi2Ml+M70DNRXt/+HANowMflpgGFMAym/VKm6G7ZOQRjqN7XbGxK1Lg9t6ZrtzOaivMw==
  dependencies:
    split2 "^4.0.0"

pino-std-serializers@^7.0.0:
  version "7.0.0"
  resolved "https://registry.npmjs.org/pino-std-serializers/-/pino-std-serializers-7.0.0.tgz"
  integrity sha512-e906FRY0+tV27iq4juKzSYPbUj2do2X2JX4EzSca1631EB2QJQUqGbDuERal7LCtOpxl6x3+nvo9NPZcmjkiFA==

process-warning@^4.0.0:
  version "4.0.0"
  resolved "https://registry.npmjs.org/process-warning/-/process-warning-4.0.0.tgz"
  integrity sha512-/MyYDxttz7DfGMMHiysAsFE4qF+pQYAA8ziO/3NcRVrQ5fSk+Mns4QZA/oRPFzvcqNoVJXQNWNAsdwBXLUkQKw==

quick-format-unescaped@^4.0.3:
  version "4.0.4"
  resolved "https://registry.npmjs.org/quick-format-unescaped/-/quick-format-unescaped-4.0.4.tgz"
  integrity sha512-tYC1Q1hgyRuHgloV/YXs2w15unPVh8qfu/qCTfhTYamaw7fyhumKa2yGpdSo87vY32rIclj+4fWYQXUMs9EHvg==

real-require@^0.2.0:
  version "0.2.0"
  resolved "https://registry.npmjs.org/real-require/-/real-require-0.2.0.tgz"
  integrity sha512-57frrGM/OCTLqLOAh0mhVA9VBMHd+9U7Zb2THMGdBUoZVOtGbJzjxsYGDJ3A9AYYCP4hn6y1TVbaOfzWtm5GFg==

safe-stable-stringify@^2.3.1:
  version "2.5.0"
  resolved "https://registry.npmjs.org/safe-stable-stringify/-/safe-stable-stringify-2.5.0.tgz"
  integrity sha512-b3rppTKm9T+PsVCBEOUR46GWI7fdOs00VKZ1+9c1EWDaDMvjQc6tUwuFyIprgGgTcWoVHSKrU8H31ZHA2e0RHA==

sonic-boom@^4.0.1:
  version "4.2.0"
  resolved "https://registry.npmjs.org/sonic-boom/-/sonic-boom-4.2.0.tgz"
  integrity sha512-INb7TM37/mAcsGmc9hyyI6+QR3rR1zVRu36B0NeGXKnOOLiZOfER5SA+N7X7k3yUYRzLWafduTDvJAfDswwEww==
  dependencies:
    atomic-sleep "^1.0.0"

split2@^4.0.0:
  version "4.2.0"
  resolved "https://registry.npmjs.org/split2/-/split2-4.2.0.tgz"
  integrity sha512-UcjcJOWknrNkF6PLX83qcHM6KHgVKNkV62Y8a5uYDVv9ydGQVwAHMKqHdJje1VTWpljG0WYpCDhrCdAOYH4TWg==

thread-stream@^3.0.0:
  version "3.1.0"
  resolved "https://registry.npmjs.org/thread-stream/-/thread-stream-3.1.0.tgz"
  integrity sha512-OqyPZ9u96VohAyMfJykzmivOrY2wfMSf3C5TtFJVgN+Hm6aj+voFhlK+kZEIv2FBh1X6Xp3DlnCOfEQ3B2J86A==
  dependencies:
    real-require "^0.2.0"

typescript@^5.5.4:
  version "5.6.3"
  resolved "https://registry.npmjs.org/typescript/-/typescript-5.6.3.tgz"
  integrity sha512-hjcS1mhfuyi4WW8IWtjP7brDrG2cuDZukyrYrSauoXGNgx0S7zceP07adYkJycEr56BOUTNPzbInooiN3fn1qw==

undici-types@~5.26.4:
  version "5.26.5"
  resolved "https://registry.npmjs.org/undici-types/-/undici-types-5.26.5.tgz"
  integrity sha512-JlCMO+ehdEIKqlFxk6IfVoAUVmgz7cU7zD/h9XZ0qzeosSHmUJVOzSQvvYSYWXkFXC+IfLKSIffhv0sVZup6pA==

zhead@^2.2.4:
  version "2.2.4"
  resolved "https://registry.npmjs.org/zhead/-/zhead-2.2.4.tgz"
  integrity sha512-8F0OI5dpWIA5IGG5NHUg9staDwz/ZPxZtvGVf01j7vHqSyZ0raHY+78atOVxRqb73AotX22uV1pXt3gYSstGag==
